
Microsoft Visual Studio Solution File, Format Version 12.00
# Visual Studio Version 17
VisualStudioVersion = 17.9.34518.117
MinimumVisualStudioVersion = 10.0.40219.1
Project("{FAE04EC0-301F-11D3-BF4B-00C04F79EFBC}") = "Helpdesk", "Helpdesk\Helpdesk.csproj", "{631721E5-1E12-434A-8BED-E4AEA4B62376}"
EndProject
Global
	GlobalSection(SolutionConfigurationPlatforms) = preSolution
		Debug|Any CPU = Debug|Any CPU
		Release|Any CPU = Release|Any CPU
	EndGlobalSection
	GlobalSection(ProjectConfigurationPlatforms) = postSolution
		{631721E5-1E12-434A-8BED-E4AEA4B62376}.Debug|Any CPU.ActiveCfg = Debug|Any CPU
		{631721E5-1E12-434A-8BED-E4AEA4B62376}.Debug|Any CPU.Build.0 = Debug|Any CPU
		{631721E5-1E12-434A-8BED-E4AEA4B62376}.Release|Any CPU.ActiveCfg = Release|Any CPU
		{631721E5-1E12-434A-8BED-E4AEA4B62376}.Release|Any CPU.Build.0 = Release|Any CPU
	EndGlobalSection
	GlobalSection(SolutionProperties) = preSolution
		HideSolutionNode = FALSE
	EndGlobalSection
	GlobalSection(ExtensibilityGlobals) = postSolution
		SolutionGuid = {D0F4E30A-6E5D-43D6-B422-9FAB46CB5B7B}
	EndGlobalSection
EndGlobal
